
Microsoft Visual Studio Solution File, Format Version 12.00
# Visual Studio Version 16
VisualStudioVersion = 16.0.28803.352
MinimumVisualStudioVersion = 10.0.40219.1
Project("{9A19103F-16F7-4668-BE54-9A1E7A4F7556}") = "Watchman.Discord", "Watchman.Discord\Watchman.Discord.csproj", "{B126A468-06C2-4C1D-B2AC-442B9A001FB1}"
EndProject
Project("{9A19103F-16F7-4668-BE54-9A1E7A4F7556}") = "Watchman.Integrations", "Watchman.Integrations\Watchman.Integrations.csproj", "{47BADF0B-6603-44A1-8360-8377D83DA1D7}"
EndProject
Project("{FAE04EC0-301F-11D3-BF4B-00C04F79EFBC}") = "Watchman.Common", "Watchman.Common\Watchman.Common.csproj", "{DAAB36FA-4D5C-472B-A30B-568F04340271}"
EndProject
Global
	GlobalSection(SolutionConfigurationPlatforms) = preSolution
		Debug|Any CPU = Debug|Any CPU
		Release|Any CPU = Release|Any CPU
	EndGlobalSection
	GlobalSection(ProjectConfigurationPlatforms) = postSolution
		{B126A468-06C2-4C1D-B2AC-442B9A001FB1}.Debug|Any CPU.ActiveCfg = Debug|Any CPU
		{B126A468-06C2-4C1D-B2AC-442B9A001FB1}.Debug|Any CPU.Build.0 = Debug|Any CPU
		{B126A468-06C2-4C1D-B2AC-442B9A001FB1}.Release|Any CPU.ActiveCfg = Release|Any CPU
		{B126A468-06C2-4C1D-B2AC-442B9A001FB1}.Release|Any CPU.Build.0 = Release|Any CPU
		{47BADF0B-6603-44A1-8360-8377D83DA1D7}.Debug|Any CPU.ActiveCfg = Debug|Any CPU
		{47BADF0B-6603-44A1-8360-8377D83DA1D7}.Debug|Any CPU.Build.0 = Debug|Any CPU
		{47BADF0B-6603-44A1-8360-8377D83DA1D7}.Release|Any CPU.ActiveCfg = Release|Any CPU
		{47BADF0B-6603-44A1-8360-8377D83DA1D7}.Release|Any CPU.Build.0 = Release|Any CPU
		{DAAB36FA-4D5C-472B-A30B-568F04340271}.Debug|Any CPU.ActiveCfg = Debug|Any CPU
		{DAAB36FA-4D5C-472B-A30B-568F04340271}.Debug|Any CPU.Build.0 = Debug|Any CPU
		{DAAB36FA-4D5C-472B-A30B-568F04340271}.Release|Any CPU.ActiveCfg = Release|Any CPU
		{DAAB36FA-4D5C-472B-A30B-568F04340271}.Release|Any CPU.Build.0 = Release|Any CPU
	EndGlobalSection
	GlobalSection(SolutionProperties) = preSolution
		HideSolutionNode = FALSE
	EndGlobalSection
	GlobalSection(ExtensibilityGlobals) = postSolution
		SolutionGuid = {FDAA872C-31E2-41AC-BFA5-83BFE52E108D}
	EndGlobalSection
EndGlobal
