
Microsoft Visual Studio Solution File, Format Version 12.00
# Visual Studio Version 16
VisualStudioVersion = 16.0.28803.352
MinimumVisualStudioVersion = 10.0.40219.1
Project("{9A19103F-16F7-4668-BE54-9A1E7A4F7556}") = "Watchman.Discord", "Watchman.Discord\Watchman.Discord.csproj", "{B126A468-06C2-4C1D-B2AC-442B9A001FB1}"
EndProject
Project("{9A19103F-16F7-4668-BE54-9A1E7A4F7556}") = "Watchman.Integrations", "Watchman.Integrations\Watchman.Integrations.csproj", "{47BADF0B-6603-44A1-8360-8377D83DA1D7}"
EndProject
Project("{9A19103F-16F7-4668-BE54-9A1E7A4F7556}") = "Watchman.Common", "Watchman.Common\Watchman.Common.csproj", "{DAAB36FA-4D5C-472B-A30B-568F04340271}"
EndProject
Project("{9A19103F-16F7-4668-BE54-9A1E7A4F7556}") = "Devscord.DiscordFramework", "Devscord.DiscordFramework\Devscord.DiscordFramework.csproj", "{A97401B5-5435-42A1-AC4C-C6CC7BFF06CF}"
EndProject
Project("{9A19103F-16F7-4668-BE54-9A1E7A4F7556}") = "Watchman.DomainModel", "Watchman.DomainModel\Watchman.DomainModel.csproj", "{859EE782-6EEF-4EC1-B768-68092E0A7DAB}"
EndProject
Project("{9A19103F-16F7-4668-BE54-9A1E7A4F7556}") = "Watchman.Cqrs", "Watchman.Cqrs\Watchman.Cqrs.csproj", "{21A62C63-0487-416F-818E-9E9020F92B95}"
EndProject
Project("{9A19103F-16F7-4668-BE54-9A1E7A4F7556}") = "Devscord.DiscordFramework.UnitTests", "Devscord.DiscordFramework.UnitTests\Devscord.DiscordFramework.UnitTests.csproj", "{BA52AB41-7C8F-4970-BEB7-F87DD7215FB4}"
EndProject
Project("{2150E333-8FDC-42A3-9474-1A3956D46DE8}") = "Tests", "Tests", "{C8965E11-DAB9-4615-82D4-B4FE9CF0A113}"
EndProject
Project("{9A19103F-16F7-4668-BE54-9A1E7A4F7556}") = "Watchman.DomainModel.UnitTests", "Watchman.DomainModel.UnitTests\Watchman.DomainModel.UnitTests.csproj", "{74200B98-8DCB-4D8A-A34C-EC81CF0FF171}"
EndProject
Project("{9A19103F-16F7-4668-BE54-9A1E7A4F7556}") = "Watchman.IoC", "Watchman.IoC\Watchman.IoC.csproj", "{C81832C3-4D66-47C5-99D7-8963F7BDC297}"
EndProject
Project("{9A19103F-16F7-4668-BE54-9A1E7A4F7556}") = "Watchman.Web", "Watchman.Web\Watchman.Web.csproj", "{2AFC38BE-1023-4749-A265-38C53A06EE60}"
EndProject
Project("{9A19103F-16F7-4668-BE54-9A1E7A4F7556}") = "Watchman.Discord.UnitTests", "Watchman.Discord.UnitTests\Watchman.Discord.UnitTests.csproj", "{63D475DB-0C76-4ABE-89D6-A4D70938BF1D}"
EndProject
Project("{9A19103F-16F7-4668-BE54-9A1E7A4F7556}") = "Watchman.Integration.Tests", "Watchman.Integration.Tests\Watchman.Integration.Tests.csproj", "{16F0CD33-126A-4255-B147-476E6597E02C}"
EndProject
Project("{9A19103F-16F7-4668-BE54-9A1E7A4F7556}") = "Devscord.EventStore", "Devscord.EventStore\Devscord.EventStore.csproj", "{EC296946-179F-440A-85FD-540C6FE507D6}"
EndProject
Project("{9A19103F-16F7-4668-BE54-9A1E7A4F7556}") = "Devscord.EventStore.Tests", "Devscord.EventStore.Tests\Devscord.EventStore.Tests.csproj", "{86567A92-A882-4011-8C12-810877B7ACBF}"
EndProject
Project("{2150E333-8FDC-42A3-9474-1A3956D46DE8}") = "Framework", "Framework", "{C8E33DAA-47E1-4418-A4E2-F207BA7C2BF9}"
EndProject
Project("{2150E333-8FDC-42A3-9474-1A3956D46DE8}") = "Infrastructure", "Infrastructure", "{8B0B00F2-9D8D-41B4-BBF2-EBC4436EFEF1}"
EndProject
Project("{FAE04EC0-301F-11D3-BF4B-00C04F79EFBC}") = "Devscord.DiscordFramework.Events", "Devscord.DiscordFramework.Events\Devscord.DiscordFramework.Events.csproj", "{EEC143C3-1E05-476A-B9FA-0378A06B691C}"
EndProject
Project("{FAE04EC0-301F-11D3-BF4B-00C04F79EFBC}") = "Devscord.DiscordFramework.Responses", "Devscord.DiscordFramework.Responses\Devscord.DiscordFramework.Responses.csproj", "{3D1916BD-D94F-4005-AFAC-2C17D4975901}"
EndProject
Project("{FAE04EC0-301F-11D3-BF4B-00C04F79EFBC}") = "Devscord.DiscordFramework.CommandParsing", "Devscord.DiscordFramework.CommandParsing\Devscord.DiscordFramework.CommandParsing.csproj", "{D16B2D23-D30C-4062-9F88-E9F27AE40C5A}"
EndProject
Project("{FAE04EC0-301F-11D3-BF4B-00C04F79EFBC}") = "Devscord.DiscordFramework.Integrations", "Devscord.DiscordFramework.Integrations\Devscord.DiscordFramework.Integrations.csproj", "{4B5B26E6-B006-4A75-AD68-A5E2DF009A01}"
EndProject
Project("{FAE04EC0-301F-11D3-BF4B-00C04F79EFBC}") = "Devscord.DiscordFramework.Commons", "Devscord.DiscordFramework.Commons\Devscord.DiscordFramework.Commons.csproj", "{04180431-453A-43BF-8F38-08ECCB07040D}"
EndProject
Project("{2150E333-8FDC-42A3-9474-1A3956D46DE8}") = "Domain", "Domain", "{AE261C41-D4FD-4D8D-AB7E-B10490C4B98C}"
EndProject
Project("{FAE04EC0-301F-11D3-BF4B-00C04F79EFBC}") = "Watchman.DomainModel.Mutes", "Watchman.DomainModel.Mutes\Watchman.DomainModel.Mutes.csproj", "{A70A83D2-058C-4347-AF49-CA593CCC9F0B}"
EndProject
Project("{FAE04EC0-301F-11D3-BF4B-00C04F79EFBC}") = "Watchman.DomainModel.Commons", "Watchman.DomainModel.Commons\Watchman.DomainModel.Commons.csproj", "{6E6D7E0C-10CA-485F-B584-9D9713812B0F}"
EndProject
Project("{FAE04EC0-301F-11D3-BF4B-00C04F79EFBC}") = "Watchman.DomainModel.Help", "Watchman.DomainModel.Help\Watchman.DomainModel.Help.csproj", "{DEFEAFED-664D-42A6-A2BB-889E1CE7D440}"
EndProject
Project("{FAE04EC0-301F-11D3-BF4B-00C04F79EFBC}") = "Watchman.DomainModel.Messages", "Watchman.DomainModel.Messages\Watchman.DomainModel.Messages.csproj", "{39DD337A-C76D-44E5-85D2-F3C188387802}"
EndProject
Project("{FAE04EC0-301F-11D3-BF4B-00C04F79EFBC}") = "Watchman.DomainModel.Configuration", "Watchman.DomainModel.Configuration\Watchman.DomainModel.Configuration.csproj", "{5C43D74A-BA8B-4DBF-B359-FE7132549434}"
EndProject
Project("{FAE04EC0-301F-11D3-BF4B-00C04F79EFBC}") = "Watchman.DomainModel.Responses", "Watchman.DomainModel.Responses\Watchman.DomainModel.Responses.csproj", "{2CC0367E-DE42-49D3-8031-724442F6DF45}"
EndProject
Project("{FAE04EC0-301F-11D3-BF4B-00C04F79EFBC}") = "Watchman.DomainModel.Roles", "Watchman.DomainModel.Roles\Watchman.DomainModel.Roles.csproj", "{28653A8F-442A-4205-9B19-0DC11013787F}"
EndProject
Project("{FAE04EC0-301F-11D3-BF4B-00C04F79EFBC}") = "Watchman.DomainModel.CustomCommands", "Watchman.DomainModel.CustomCommands\Watchman.DomainModel.CustomCommands.csproj", "{1B67E11F-8E2C-44FE-AAB2-D52040C32A60}"
EndProject
Project("{FAE04EC0-301F-11D3-BF4B-00C04F79EFBC}") = "Watchman.DomainModel.Prefixes", "Watchman.DomainModel.Prefixes\Watchman.DomainModel.Prefixes.csproj", "{57637129-D443-4CEA-B93E-C5718BA2E889}"
EndProject
Project("{2150E333-8FDC-42A3-9474-1A3956D46DE8}") = "DiscordBot", "DiscordBot", "{9D6BCE17-DD39-456A-94DF-48CB0A73D675}"
EndProject
Project("{FAE04EC0-301F-11D3-BF4B-00C04F79EFBC}") = "Watchman.Discord.Integrations", "Watchman.Discord.Integrations\Watchman.Discord.Integrations.csproj", "{83FBBB89-A689-4B57-8F32-7719DFDF175F}"
EndProject
Project("{FAE04EC0-301F-11D3-BF4B-00C04F79EFBC}") = "Watchman.Discord.Commons", "Watchman.Discord.Commons\Watchman.Discord.Commons.csproj", "{49AC9A32-D722-4128-B288-5C0A4E2D3C02}"
EndProject
Project("{2150E333-8FDC-42A3-9474-1A3956D46DE8}") = "Areas", "Areas", "{A97F2E5F-6549-4A14-A61C-A703A0600226}"
EndProject
Project("{FAE04EC0-301F-11D3-BF4B-00C04F79EFBC}") = "Watchman.Discord.Areas.Messages", "Watchman.Discord.Areas.Messages\Watchman.Discord.Areas.Messages.csproj", "{113BB9B9-945A-4E48-8F0B-7CD1C457CD65}"
EndProject
Project("{FAE04EC0-301F-11D3-BF4B-00C04F79EFBC}") = "Watchman.Discord.Areas.Help", "Watchman.Discord.Areas.Help\Watchman.Discord.Areas.Help.csproj", "{50973B7B-611E-4957-8A32-F4D806FEEE88}"
EndProject
Project("{FAE04EC0-301F-11D3-BF4B-00C04F79EFBC}") = "Watchman.Discord.Areas.Prefixes", "Watchman.Discord.Areas.Prefixes\Watchman.Discord.Areas.Prefixes.csproj", "{8311F351-151C-4F86-9F9E-B747E8E4D082}"
EndProject
Project("{FAE04EC0-301F-11D3-BF4B-00C04F79EFBC}") = "Watchman.Discord.Areas.Statistics", "Watchman.Discord.Areas.Statistics\Watchman.Discord.Areas.Statistics.csproj", "{B9FD59F9-0FBB-4441-975B-F173084D8A39}"
EndProject
Project("{FAE04EC0-301F-11D3-BF4B-00C04F79EFBC}") = "Watchman.Discord.Areas.AntiSpam", "Watchman.Discord.Areas.AntiSpam\Watchman.Discord.Areas.AntiSpam.csproj", "{6D703862-CD7E-492C-90DE-90C7B0370870}"
EndProject
Project("{FAE04EC0-301F-11D3-BF4B-00C04F79EFBC}") = "Watchman.Discord.Areas.Mutes", "Watchman.Discord.Areas.Mutes\Watchman.Discord.Areas.Mutes.csproj", "{227CA298-C6A9-4CB0-9B46-2D80670279F5}"
EndProject
Project("{FAE04EC0-301F-11D3-BF4B-00C04F79EFBC}") = "Watchman.Discord.Areas.Responses", "Watchman.Discord.Areas.Responses\Watchman.Discord.Areas.Responses.csproj", "{D6EECF4A-7091-49FF-8B92-28FF68BCDB04}"
EndProject
Project("{FAE04EC0-301F-11D3-BF4B-00C04F79EFBC}") = "Watchman.Discord.Areas.Funny", "Watchman.Discord.Areas.Funny\Watchman.Discord.Areas.Funny.csproj", "{2E4DB618-4974-44EC-8502-AC918541E702}"
EndProject
Global
	GlobalSection(SolutionConfigurationPlatforms) = preSolution
		Debug|Any CPU = Debug|Any CPU
		Release|Any CPU = Release|Any CPU
	EndGlobalSection
	GlobalSection(ProjectConfigurationPlatforms) = postSolution
		{B126A468-06C2-4C1D-B2AC-442B9A001FB1}.Debug|Any CPU.ActiveCfg = Debug|Any CPU
		{B126A468-06C2-4C1D-B2AC-442B9A001FB1}.Debug|Any CPU.Build.0 = Debug|Any CPU
		{B126A468-06C2-4C1D-B2AC-442B9A001FB1}.Release|Any CPU.ActiveCfg = Release|Any CPU
		{B126A468-06C2-4C1D-B2AC-442B9A001FB1}.Release|Any CPU.Build.0 = Release|Any CPU
		{47BADF0B-6603-44A1-8360-8377D83DA1D7}.Debug|Any CPU.ActiveCfg = Debug|Any CPU
		{47BADF0B-6603-44A1-8360-8377D83DA1D7}.Debug|Any CPU.Build.0 = Debug|Any CPU
		{47BADF0B-6603-44A1-8360-8377D83DA1D7}.Release|Any CPU.ActiveCfg = Release|Any CPU
		{47BADF0B-6603-44A1-8360-8377D83DA1D7}.Release|Any CPU.Build.0 = Release|Any CPU
		{DAAB36FA-4D5C-472B-A30B-568F04340271}.Debug|Any CPU.ActiveCfg = Debug|Any CPU
		{DAAB36FA-4D5C-472B-A30B-568F04340271}.Debug|Any CPU.Build.0 = Debug|Any CPU
		{DAAB36FA-4D5C-472B-A30B-568F04340271}.Release|Any CPU.ActiveCfg = Release|Any CPU
		{DAAB36FA-4D5C-472B-A30B-568F04340271}.Release|Any CPU.Build.0 = Release|Any CPU
		{A97401B5-5435-42A1-AC4C-C6CC7BFF06CF}.Debug|Any CPU.ActiveCfg = Debug|Any CPU
		{A97401B5-5435-42A1-AC4C-C6CC7BFF06CF}.Debug|Any CPU.Build.0 = Debug|Any CPU
		{A97401B5-5435-42A1-AC4C-C6CC7BFF06CF}.Release|Any CPU.ActiveCfg = Release|Any CPU
		{A97401B5-5435-42A1-AC4C-C6CC7BFF06CF}.Release|Any CPU.Build.0 = Release|Any CPU
		{859EE782-6EEF-4EC1-B768-68092E0A7DAB}.Debug|Any CPU.ActiveCfg = Debug|Any CPU
		{859EE782-6EEF-4EC1-B768-68092E0A7DAB}.Debug|Any CPU.Build.0 = Debug|Any CPU
		{859EE782-6EEF-4EC1-B768-68092E0A7DAB}.Release|Any CPU.ActiveCfg = Release|Any CPU
		{859EE782-6EEF-4EC1-B768-68092E0A7DAB}.Release|Any CPU.Build.0 = Release|Any CPU
		{21A62C63-0487-416F-818E-9E9020F92B95}.Debug|Any CPU.ActiveCfg = Debug|Any CPU
		{21A62C63-0487-416F-818E-9E9020F92B95}.Debug|Any CPU.Build.0 = Debug|Any CPU
		{21A62C63-0487-416F-818E-9E9020F92B95}.Release|Any CPU.ActiveCfg = Release|Any CPU
		{21A62C63-0487-416F-818E-9E9020F92B95}.Release|Any CPU.Build.0 = Release|Any CPU
		{BA52AB41-7C8F-4970-BEB7-F87DD7215FB4}.Debug|Any CPU.ActiveCfg = Debug|Any CPU
		{BA52AB41-7C8F-4970-BEB7-F87DD7215FB4}.Debug|Any CPU.Build.0 = Debug|Any CPU
		{BA52AB41-7C8F-4970-BEB7-F87DD7215FB4}.Release|Any CPU.ActiveCfg = Release|Any CPU
		{BA52AB41-7C8F-4970-BEB7-F87DD7215FB4}.Release|Any CPU.Build.0 = Release|Any CPU
		{74200B98-8DCB-4D8A-A34C-EC81CF0FF171}.Debug|Any CPU.ActiveCfg = Debug|Any CPU
		{74200B98-8DCB-4D8A-A34C-EC81CF0FF171}.Debug|Any CPU.Build.0 = Debug|Any CPU
		{74200B98-8DCB-4D8A-A34C-EC81CF0FF171}.Release|Any CPU.ActiveCfg = Release|Any CPU
		{74200B98-8DCB-4D8A-A34C-EC81CF0FF171}.Release|Any CPU.Build.0 = Release|Any CPU
		{C81832C3-4D66-47C5-99D7-8963F7BDC297}.Debug|Any CPU.ActiveCfg = Debug|Any CPU
		{C81832C3-4D66-47C5-99D7-8963F7BDC297}.Debug|Any CPU.Build.0 = Debug|Any CPU
		{C81832C3-4D66-47C5-99D7-8963F7BDC297}.Release|Any CPU.ActiveCfg = Release|Any CPU
		{C81832C3-4D66-47C5-99D7-8963F7BDC297}.Release|Any CPU.Build.0 = Release|Any CPU
		{2AFC38BE-1023-4749-A265-38C53A06EE60}.Debug|Any CPU.ActiveCfg = Debug|Any CPU
		{2AFC38BE-1023-4749-A265-38C53A06EE60}.Debug|Any CPU.Build.0 = Debug|Any CPU
		{2AFC38BE-1023-4749-A265-38C53A06EE60}.Release|Any CPU.ActiveCfg = Release|Any CPU
		{2AFC38BE-1023-4749-A265-38C53A06EE60}.Release|Any CPU.Build.0 = Release|Any CPU
		{63D475DB-0C76-4ABE-89D6-A4D70938BF1D}.Debug|Any CPU.ActiveCfg = Debug|Any CPU
		{63D475DB-0C76-4ABE-89D6-A4D70938BF1D}.Debug|Any CPU.Build.0 = Debug|Any CPU
		{63D475DB-0C76-4ABE-89D6-A4D70938BF1D}.Release|Any CPU.ActiveCfg = Release|Any CPU
		{63D475DB-0C76-4ABE-89D6-A4D70938BF1D}.Release|Any CPU.Build.0 = Release|Any CPU
		{16F0CD33-126A-4255-B147-476E6597E02C}.Debug|Any CPU.ActiveCfg = Debug|Any CPU
		{16F0CD33-126A-4255-B147-476E6597E02C}.Debug|Any CPU.Build.0 = Debug|Any CPU
		{16F0CD33-126A-4255-B147-476E6597E02C}.Release|Any CPU.ActiveCfg = Release|Any CPU
		{16F0CD33-126A-4255-B147-476E6597E02C}.Release|Any CPU.Build.0 = Release|Any CPU
		{EC296946-179F-440A-85FD-540C6FE507D6}.Debug|Any CPU.ActiveCfg = Debug|Any CPU
		{EC296946-179F-440A-85FD-540C6FE507D6}.Debug|Any CPU.Build.0 = Debug|Any CPU
		{EC296946-179F-440A-85FD-540C6FE507D6}.Release|Any CPU.ActiveCfg = Release|Any CPU
		{EC296946-179F-440A-85FD-540C6FE507D6}.Release|Any CPU.Build.0 = Release|Any CPU
		{86567A92-A882-4011-8C12-810877B7ACBF}.Debug|Any CPU.ActiveCfg = Debug|Any CPU
		{86567A92-A882-4011-8C12-810877B7ACBF}.Debug|Any CPU.Build.0 = Debug|Any CPU
		{86567A92-A882-4011-8C12-810877B7ACBF}.Release|Any CPU.ActiveCfg = Release|Any CPU
		{86567A92-A882-4011-8C12-810877B7ACBF}.Release|Any CPU.Build.0 = Release|Any CPU
		{EEC143C3-1E05-476A-B9FA-0378A06B691C}.Debug|Any CPU.ActiveCfg = Debug|Any CPU
		{EEC143C3-1E05-476A-B9FA-0378A06B691C}.Debug|Any CPU.Build.0 = Debug|Any CPU
		{EEC143C3-1E05-476A-B9FA-0378A06B691C}.Release|Any CPU.ActiveCfg = Release|Any CPU
		{EEC143C3-1E05-476A-B9FA-0378A06B691C}.Release|Any CPU.Build.0 = Release|Any CPU
		{3D1916BD-D94F-4005-AFAC-2C17D4975901}.Debug|Any CPU.ActiveCfg = Debug|Any CPU
		{3D1916BD-D94F-4005-AFAC-2C17D4975901}.Debug|Any CPU.Build.0 = Debug|Any CPU
		{3D1916BD-D94F-4005-AFAC-2C17D4975901}.Release|Any CPU.ActiveCfg = Release|Any CPU
		{3D1916BD-D94F-4005-AFAC-2C17D4975901}.Release|Any CPU.Build.0 = Release|Any CPU
		{D16B2D23-D30C-4062-9F88-E9F27AE40C5A}.Debug|Any CPU.ActiveCfg = Debug|Any CPU
		{D16B2D23-D30C-4062-9F88-E9F27AE40C5A}.Debug|Any CPU.Build.0 = Debug|Any CPU
		{D16B2D23-D30C-4062-9F88-E9F27AE40C5A}.Release|Any CPU.ActiveCfg = Release|Any CPU
		{D16B2D23-D30C-4062-9F88-E9F27AE40C5A}.Release|Any CPU.Build.0 = Release|Any CPU
		{4B5B26E6-B006-4A75-AD68-A5E2DF009A01}.Debug|Any CPU.ActiveCfg = Debug|Any CPU
		{4B5B26E6-B006-4A75-AD68-A5E2DF009A01}.Debug|Any CPU.Build.0 = Debug|Any CPU
		{4B5B26E6-B006-4A75-AD68-A5E2DF009A01}.Release|Any CPU.ActiveCfg = Release|Any CPU
		{4B5B26E6-B006-4A75-AD68-A5E2DF009A01}.Release|Any CPU.Build.0 = Release|Any CPU
		{04180431-453A-43BF-8F38-08ECCB07040D}.Debug|Any CPU.ActiveCfg = Debug|Any CPU
		{04180431-453A-43BF-8F38-08ECCB07040D}.Debug|Any CPU.Build.0 = Debug|Any CPU
		{04180431-453A-43BF-8F38-08ECCB07040D}.Release|Any CPU.ActiveCfg = Release|Any CPU
		{04180431-453A-43BF-8F38-08ECCB07040D}.Release|Any CPU.Build.0 = Release|Any CPU
		{A70A83D2-058C-4347-AF49-CA593CCC9F0B}.Debug|Any CPU.ActiveCfg = Debug|Any CPU
		{A70A83D2-058C-4347-AF49-CA593CCC9F0B}.Debug|Any CPU.Build.0 = Debug|Any CPU
		{A70A83D2-058C-4347-AF49-CA593CCC9F0B}.Release|Any CPU.ActiveCfg = Release|Any CPU
		{A70A83D2-058C-4347-AF49-CA593CCC9F0B}.Release|Any CPU.Build.0 = Release|Any CPU
		{6E6D7E0C-10CA-485F-B584-9D9713812B0F}.Debug|Any CPU.ActiveCfg = Debug|Any CPU
		{6E6D7E0C-10CA-485F-B584-9D9713812B0F}.Debug|Any CPU.Build.0 = Debug|Any CPU
		{6E6D7E0C-10CA-485F-B584-9D9713812B0F}.Release|Any CPU.ActiveCfg = Release|Any CPU
		{6E6D7E0C-10CA-485F-B584-9D9713812B0F}.Release|Any CPU.Build.0 = Release|Any CPU
		{DEFEAFED-664D-42A6-A2BB-889E1CE7D440}.Debug|Any CPU.ActiveCfg = Debug|Any CPU
		{DEFEAFED-664D-42A6-A2BB-889E1CE7D440}.Debug|Any CPU.Build.0 = Debug|Any CPU
		{DEFEAFED-664D-42A6-A2BB-889E1CE7D440}.Release|Any CPU.ActiveCfg = Release|Any CPU
		{DEFEAFED-664D-42A6-A2BB-889E1CE7D440}.Release|Any CPU.Build.0 = Release|Any CPU
		{39DD337A-C76D-44E5-85D2-F3C188387802}.Debug|Any CPU.ActiveCfg = Debug|Any CPU
		{39DD337A-C76D-44E5-85D2-F3C188387802}.Debug|Any CPU.Build.0 = Debug|Any CPU
		{39DD337A-C76D-44E5-85D2-F3C188387802}.Release|Any CPU.ActiveCfg = Release|Any CPU
		{39DD337A-C76D-44E5-85D2-F3C188387802}.Release|Any CPU.Build.0 = Release|Any CPU
		{5C43D74A-BA8B-4DBF-B359-FE7132549434}.Debug|Any CPU.ActiveCfg = Debug|Any CPU
		{5C43D74A-BA8B-4DBF-B359-FE7132549434}.Debug|Any CPU.Build.0 = Debug|Any CPU
		{5C43D74A-BA8B-4DBF-B359-FE7132549434}.Release|Any CPU.ActiveCfg = Release|Any CPU
		{5C43D74A-BA8B-4DBF-B359-FE7132549434}.Release|Any CPU.Build.0 = Release|Any CPU
		{2CC0367E-DE42-49D3-8031-724442F6DF45}.Debug|Any CPU.ActiveCfg = Debug|Any CPU
		{2CC0367E-DE42-49D3-8031-724442F6DF45}.Debug|Any CPU.Build.0 = Debug|Any CPU
		{2CC0367E-DE42-49D3-8031-724442F6DF45}.Release|Any CPU.ActiveCfg = Release|Any CPU
		{2CC0367E-DE42-49D3-8031-724442F6DF45}.Release|Any CPU.Build.0 = Release|Any CPU
		{28653A8F-442A-4205-9B19-0DC11013787F}.Debug|Any CPU.ActiveCfg = Debug|Any CPU
		{28653A8F-442A-4205-9B19-0DC11013787F}.Debug|Any CPU.Build.0 = Debug|Any CPU
		{28653A8F-442A-4205-9B19-0DC11013787F}.Release|Any CPU.ActiveCfg = Release|Any CPU
		{28653A8F-442A-4205-9B19-0DC11013787F}.Release|Any CPU.Build.0 = Release|Any CPU
		{1B67E11F-8E2C-44FE-AAB2-D52040C32A60}.Debug|Any CPU.ActiveCfg = Debug|Any CPU
		{1B67E11F-8E2C-44FE-AAB2-D52040C32A60}.Debug|Any CPU.Build.0 = Debug|Any CPU
		{1B67E11F-8E2C-44FE-AAB2-D52040C32A60}.Release|Any CPU.ActiveCfg = Release|Any CPU
		{1B67E11F-8E2C-44FE-AAB2-D52040C32A60}.Release|Any CPU.Build.0 = Release|Any CPU
		{57637129-D443-4CEA-B93E-C5718BA2E889}.Debug|Any CPU.ActiveCfg = Debug|Any CPU
		{57637129-D443-4CEA-B93E-C5718BA2E889}.Debug|Any CPU.Build.0 = Debug|Any CPU
		{57637129-D443-4CEA-B93E-C5718BA2E889}.Release|Any CPU.ActiveCfg = Release|Any CPU
		{57637129-D443-4CEA-B93E-C5718BA2E889}.Release|Any CPU.Build.0 = Release|Any CPU
		{83FBBB89-A689-4B57-8F32-7719DFDF175F}.Debug|Any CPU.ActiveCfg = Debug|Any CPU
		{83FBBB89-A689-4B57-8F32-7719DFDF175F}.Debug|Any CPU.Build.0 = Debug|Any CPU
		{83FBBB89-A689-4B57-8F32-7719DFDF175F}.Release|Any CPU.ActiveCfg = Release|Any CPU
		{83FBBB89-A689-4B57-8F32-7719DFDF175F}.Release|Any CPU.Build.0 = Release|Any CPU
		{49AC9A32-D722-4128-B288-5C0A4E2D3C02}.Debug|Any CPU.ActiveCfg = Debug|Any CPU
		{49AC9A32-D722-4128-B288-5C0A4E2D3C02}.Debug|Any CPU.Build.0 = Debug|Any CPU
		{49AC9A32-D722-4128-B288-5C0A4E2D3C02}.Release|Any CPU.ActiveCfg = Release|Any CPU
		{49AC9A32-D722-4128-B288-5C0A4E2D3C02}.Release|Any CPU.Build.0 = Release|Any CPU
		{113BB9B9-945A-4E48-8F0B-7CD1C457CD65}.Debug|Any CPU.ActiveCfg = Debug|Any CPU
		{113BB9B9-945A-4E48-8F0B-7CD1C457CD65}.Debug|Any CPU.Build.0 = Debug|Any CPU
		{113BB9B9-945A-4E48-8F0B-7CD1C457CD65}.Release|Any CPU.ActiveCfg = Release|Any CPU
		{113BB9B9-945A-4E48-8F0B-7CD1C457CD65}.Release|Any CPU.Build.0 = Release|Any CPU
		{50973B7B-611E-4957-8A32-F4D806FEEE88}.Debug|Any CPU.ActiveCfg = Debug|Any CPU
		{50973B7B-611E-4957-8A32-F4D806FEEE88}.Debug|Any CPU.Build.0 = Debug|Any CPU
		{50973B7B-611E-4957-8A32-F4D806FEEE88}.Release|Any CPU.ActiveCfg = Release|Any CPU
		{50973B7B-611E-4957-8A32-F4D806FEEE88}.Release|Any CPU.Build.0 = Release|Any CPU
		{8311F351-151C-4F86-9F9E-B747E8E4D082}.Debug|Any CPU.ActiveCfg = Debug|Any CPU
		{8311F351-151C-4F86-9F9E-B747E8E4D082}.Debug|Any CPU.Build.0 = Debug|Any CPU
		{8311F351-151C-4F86-9F9E-B747E8E4D082}.Release|Any CPU.ActiveCfg = Release|Any CPU
		{8311F351-151C-4F86-9F9E-B747E8E4D082}.Release|Any CPU.Build.0 = Release|Any CPU
		{B9FD59F9-0FBB-4441-975B-F173084D8A39}.Debug|Any CPU.ActiveCfg = Debug|Any CPU
		{B9FD59F9-0FBB-4441-975B-F173084D8A39}.Debug|Any CPU.Build.0 = Debug|Any CPU
		{B9FD59F9-0FBB-4441-975B-F173084D8A39}.Release|Any CPU.ActiveCfg = Release|Any CPU
		{B9FD59F9-0FBB-4441-975B-F173084D8A39}.Release|Any CPU.Build.0 = Release|Any CPU
		{6D703862-CD7E-492C-90DE-90C7B0370870}.Debug|Any CPU.ActiveCfg = Debug|Any CPU
		{6D703862-CD7E-492C-90DE-90C7B0370870}.Debug|Any CPU.Build.0 = Debug|Any CPU
		{6D703862-CD7E-492C-90DE-90C7B0370870}.Release|Any CPU.ActiveCfg = Release|Any CPU
		{6D703862-CD7E-492C-90DE-90C7B0370870}.Release|Any CPU.Build.0 = Release|Any CPU
		{227CA298-C6A9-4CB0-9B46-2D80670279F5}.Debug|Any CPU.ActiveCfg = Debug|Any CPU
		{227CA298-C6A9-4CB0-9B46-2D80670279F5}.Debug|Any CPU.Build.0 = Debug|Any CPU
		{227CA298-C6A9-4CB0-9B46-2D80670279F5}.Release|Any CPU.ActiveCfg = Release|Any CPU
		{227CA298-C6A9-4CB0-9B46-2D80670279F5}.Release|Any CPU.Build.0 = Release|Any CPU
		{D6EECF4A-7091-49FF-8B92-28FF68BCDB04}.Debug|Any CPU.ActiveCfg = Debug|Any CPU
		{D6EECF4A-7091-49FF-8B92-28FF68BCDB04}.Debug|Any CPU.Build.0 = Debug|Any CPU
		{D6EECF4A-7091-49FF-8B92-28FF68BCDB04}.Release|Any CPU.ActiveCfg = Release|Any CPU
		{D6EECF4A-7091-49FF-8B92-28FF68BCDB04}.Release|Any CPU.Build.0 = Release|Any CPU
		{2E4DB618-4974-44EC-8502-AC918541E702}.Debug|Any CPU.ActiveCfg = Debug|Any CPU
		{2E4DB618-4974-44EC-8502-AC918541E702}.Debug|Any CPU.Build.0 = Debug|Any CPU
		{2E4DB618-4974-44EC-8502-AC918541E702}.Release|Any CPU.ActiveCfg = Release|Any CPU
		{2E4DB618-4974-44EC-8502-AC918541E702}.Release|Any CPU.Build.0 = Release|Any CPU
	EndGlobalSection
	GlobalSection(SolutionProperties) = preSolution
		HideSolutionNode = FALSE
	EndGlobalSection
	GlobalSection(NestedProjects) = preSolution
		{B126A468-06C2-4C1D-B2AC-442B9A001FB1} = {9D6BCE17-DD39-456A-94DF-48CB0A73D675}
		{47BADF0B-6603-44A1-8360-8377D83DA1D7} = {8B0B00F2-9D8D-41B4-BBF2-EBC4436EFEF1}
		{A97401B5-5435-42A1-AC4C-C6CC7BFF06CF} = {C8E33DAA-47E1-4418-A4E2-F207BA7C2BF9}
		{859EE782-6EEF-4EC1-B768-68092E0A7DAB} = {AE261C41-D4FD-4D8D-AB7E-B10490C4B98C}
		{21A62C63-0487-416F-818E-9E9020F92B95} = {8B0B00F2-9D8D-41B4-BBF2-EBC4436EFEF1}
		{BA52AB41-7C8F-4970-BEB7-F87DD7215FB4} = {C8965E11-DAB9-4615-82D4-B4FE9CF0A113}
		{74200B98-8DCB-4D8A-A34C-EC81CF0FF171} = {C8965E11-DAB9-4615-82D4-B4FE9CF0A113}
		{C81832C3-4D66-47C5-99D7-8963F7BDC297} = {8B0B00F2-9D8D-41B4-BBF2-EBC4436EFEF1}
		{63D475DB-0C76-4ABE-89D6-A4D70938BF1D} = {C8965E11-DAB9-4615-82D4-B4FE9CF0A113}
		{16F0CD33-126A-4255-B147-476E6597E02C} = {C8965E11-DAB9-4615-82D4-B4FE9CF0A113}
		{EC296946-179F-440A-85FD-540C6FE507D6} = {8B0B00F2-9D8D-41B4-BBF2-EBC4436EFEF1}
		{86567A92-A882-4011-8C12-810877B7ACBF} = {C8965E11-DAB9-4615-82D4-B4FE9CF0A113}
		{EEC143C3-1E05-476A-B9FA-0378A06B691C} = {C8E33DAA-47E1-4418-A4E2-F207BA7C2BF9}
		{3D1916BD-D94F-4005-AFAC-2C17D4975901} = {C8E33DAA-47E1-4418-A4E2-F207BA7C2BF9}
		{D16B2D23-D30C-4062-9F88-E9F27AE40C5A} = {C8E33DAA-47E1-4418-A4E2-F207BA7C2BF9}
		{4B5B26E6-B006-4A75-AD68-A5E2DF009A01} = {C8E33DAA-47E1-4418-A4E2-F207BA7C2BF9}
		{04180431-453A-43BF-8F38-08ECCB07040D} = {C8E33DAA-47E1-4418-A4E2-F207BA7C2BF9}
		{A70A83D2-058C-4347-AF49-CA593CCC9F0B} = {AE261C41-D4FD-4D8D-AB7E-B10490C4B98C}
		{6E6D7E0C-10CA-485F-B584-9D9713812B0F} = {AE261C41-D4FD-4D8D-AB7E-B10490C4B98C}
		{DEFEAFED-664D-42A6-A2BB-889E1CE7D440} = {AE261C41-D4FD-4D8D-AB7E-B10490C4B98C}
		{39DD337A-C76D-44E5-85D2-F3C188387802} = {AE261C41-D4FD-4D8D-AB7E-B10490C4B98C}
		{5C43D74A-BA8B-4DBF-B359-FE7132549434} = {AE261C41-D4FD-4D8D-AB7E-B10490C4B98C}
		{2CC0367E-DE42-49D3-8031-724442F6DF45} = {AE261C41-D4FD-4D8D-AB7E-B10490C4B98C}
		{28653A8F-442A-4205-9B19-0DC11013787F} = {AE261C41-D4FD-4D8D-AB7E-B10490C4B98C}
		{1B67E11F-8E2C-44FE-AAB2-D52040C32A60} = {AE261C41-D4FD-4D8D-AB7E-B10490C4B98C}
		{57637129-D443-4CEA-B93E-C5718BA2E889} = {AE261C41-D4FD-4D8D-AB7E-B10490C4B98C}
		{83FBBB89-A689-4B57-8F32-7719DFDF175F} = {9D6BCE17-DD39-456A-94DF-48CB0A73D675}
		{49AC9A32-D722-4128-B288-5C0A4E2D3C02} = {9D6BCE17-DD39-456A-94DF-48CB0A73D675}
		{A97F2E5F-6549-4A14-A61C-A703A0600226} = {9D6BCE17-DD39-456A-94DF-48CB0A73D675}
		{113BB9B9-945A-4E48-8F0B-7CD1C457CD65} = {A97F2E5F-6549-4A14-A61C-A703A0600226}
		{50973B7B-611E-4957-8A32-F4D806FEEE88} = {A97F2E5F-6549-4A14-A61C-A703A0600226}
		{8311F351-151C-4F86-9F9E-B747E8E4D082} = {A97F2E5F-6549-4A14-A61C-A703A0600226}
		{B9FD59F9-0FBB-4441-975B-F173084D8A39} = {A97F2E5F-6549-4A14-A61C-A703A0600226}
		{6D703862-CD7E-492C-90DE-90C7B0370870} = {A97F2E5F-6549-4A14-A61C-A703A0600226}
		{227CA298-C6A9-4CB0-9B46-2D80670279F5} = {A97F2E5F-6549-4A14-A61C-A703A0600226}
		{D6EECF4A-7091-49FF-8B92-28FF68BCDB04} = {A97F2E5F-6549-4A14-A61C-A703A0600226}
		{2E4DB618-4974-44EC-8502-AC918541E702} = {A97F2E5F-6549-4A14-A61C-A703A0600226}
	EndGlobalSection
	GlobalSection(ExtensibilityGlobals) = postSolution
		SolutionGuid = {FDAA872C-31E2-41AC-BFA5-83BFE52E108D}
	EndGlobalSection
EndGlobal
